// !$*UTF8*$!
{
	archiveVersion = 1;
	classes = {
	};
	objectVersion = 56;
	objects = {

/* Begin PBXBuildFile section */
		E6059FE42AF1CEBE009A2B28 /* BlackTopView.swift in Sources */ = {isa = PBXBuildFile; fileRef = E6059FE32AF1CEBE009A2B28 /* BlackTopView.swift */; };
		E6183A702AE17C530037060D /* Kotton_AppApp.swift in Sources */ = {isa = PBXBuildFile; fileRef = E6183A6F2AE17C530037060D /* Kotton_AppApp.swift */; };
		E6183A722AE17C530037060D /* ContentView.swift in Sources */ = {isa = PBXBuildFile; fileRef = E6183A712AE17C530037060D /* ContentView.swift */; };
		E6183A742AE17C550037060D /* Assets.xcassets in Resources */ = {isa = PBXBuildFile; fileRef = E6183A732AE17C550037060D /* Assets.xcassets */; };
		E6183A772AE17C550037060D /* Preview Assets.xcassets in Resources */ = {isa = PBXBuildFile; fileRef = E6183A762AE17C550037060D /* Preview Assets.xcassets */; };
		E619D0E32AFC999800074198 /* AltQuizView.swift in Sources */ = {isa = PBXBuildFile; fileRef = E619D0E22AFC999800074198 /* AltQuizView.swift */; };
		E67CB3ED2AEAB227003FB558 /* PasswordInputView.swift in Sources */ = {isa = PBXBuildFile; fileRef = E67CB3EC2AEAB227003FB558 /* PasswordInputView.swift */; };
		E67CB3EF2AEAB66D003FB558 /* ShopView.swift in Sources */ = {isa = PBXBuildFile; fileRef = E67CB3EE2AEAB66D003FB558 /* ShopView.swift */; };
		E67CB3F12AEABC72003FB558 /* QuizView.swift in Sources */ = {isa = PBXBuildFile; fileRef = E67CB3F02AEABC72003FB558 /* QuizView.swift */; };
		E683AC852AF949630067C7A9 /* Persistence.swift in Sources */ = {isa = PBXBuildFile; fileRef = E683AC842AF949630067C7A9 /* Persistence.swift */; };
		E683AC882AF94BE80067C7A9 /* KottonApp.xcdatamodeld in Sources */ = {isa = PBXBuildFile; fileRef = E683AC862AF94BE70067C7A9 /* KottonApp.xcdatamodeld */; };
		E6AFE7182AE8173500A3B88E /* SignupView.swift in Sources */ = {isa = PBXBuildFile; fileRef = E6AFE7172AE8173500A3B88E /* SignupView.swift */; };
		E6B1526F2AF1585000A7F564 /* Models.swift in Sources */ = {isa = PBXBuildFile; fileRef = E6B1526E2AF1585000A7F564 /* Models.swift */; };
		E6C4F6A62AE6C6E200A777D9 /* LoginView.swift in Sources */ = {isa = PBXBuildFile; fileRef = E6C4F6A52AE6C6E200A777D9 /* LoginView.swift */; };
		E6C4F6A82AE6C79D00A777D9 /* InputFieldView.swift in Sources */ = {isa = PBXBuildFile; fileRef = E6C4F6A72AE6C79D00A777D9 /* InputFieldView.swift */; };
		E6E0761C2AF3F49D00CF4974 /* ViewModel.swift in Sources */ = {isa = PBXBuildFile; fileRef = E6E0761B2AF3F49D00CF4974 /* ViewModel.swift */; };
		E6E0761E2AF5438D00CF4974 /* FavoritesView.swift in Sources */ = {isa = PBXBuildFile; fileRef = E6E0761D2AF5438D00CF4974 /* FavoritesView.swift */; };
		E6E076222AF5499300CF4974 /* FavoriteItem.swift in Sources */ = {isa = PBXBuildFile; fileRef = E6E076212AF5499300CF4974 /* FavoriteItem.swift */; };
/* End PBXBuildFile section */

/* Begin PBXFileReference section */
		E6059FE32AF1CEBE009A2B28 /* BlackTopView.swift */ = {isa = PBXFileReference; lastKnownFileType = sourcecode.swift; path = BlackTopView.swift; sourceTree = "<group>"; };
		E6183A6C2AE17C530037060D /* Kotton App.app */ = {isa = PBXFileReference; explicitFileType = wrapper.application; includeInIndex = 0; path = "Kotton App.app"; sourceTree = BUILT_PRODUCTS_DIR; };
		E6183A6F2AE17C530037060D /* Kotton_AppApp.swift */ = {isa = PBXFileReference; lastKnownFileType = sourcecode.swift; path = Kotton_AppApp.swift; sourceTree = "<group>"; };
		E6183A712AE17C530037060D /* ContentView.swift */ = {isa = PBXFileReference; lastKnownFileType = sourcecode.swift; path = ContentView.swift; sourceTree = "<group>"; };
		E6183A732AE17C550037060D /* Assets.xcassets */ = {isa = PBXFileReference; lastKnownFileType = folder.assetcatalog; path = Assets.xcassets; sourceTree = "<group>"; };
		E6183A762AE17C550037060D /* Preview Assets.xcassets */ = {isa = PBXFileReference; lastKnownFileType = folder.assetcatalog; path = "Preview Assets.xcassets"; sourceTree = "<group>"; };
		E619D0E22AFC999800074198 /* AltQuizView.swift */ = {isa = PBXFileReference; lastKnownFileType = sourcecode.swift; path = AltQuizView.swift; sourceTree = "<group>"; };
		E67CB3EC2AEAB227003FB558 /* PasswordInputView.swift */ = {isa = PBXFileReference; lastKnownFileType = sourcecode.swift; path = PasswordInputView.swift; sourceTree = "<group>"; };
		E67CB3EE2AEAB66D003FB558 /* ShopView.swift */ = {isa = PBXFileReference; lastKnownFileType = sourcecode.swift; path = ShopView.swift; sourceTree = "<group>"; };
		E67CB3F02AEABC72003FB558 /* QuizView.swift */ = {isa = PBXFileReference; lastKnownFileType = sourcecode.swift; path = QuizView.swift; sourceTree = "<group>"; };
		E683AC842AF949630067C7A9 /* Persistence.swift */ = {isa = PBXFileReference; lastKnownFileType = sourcecode.swift; path = Persistence.swift; sourceTree = "<group>"; };
		E683AC872AF94BE80067C7A9 /* KottonApp.xcdatamodel */ = {isa = PBXFileReference; lastKnownFileType = wrapper.xcdatamodel; path = KottonApp.xcdatamodel; sourceTree = "<group>"; };
		E6AFE7172AE8173500A3B88E /* SignupView.swift */ = {isa = PBXFileReference; lastKnownFileType = sourcecode.swift; path = SignupView.swift; sourceTree = "<group>"; };
		E6B1526E2AF1585000A7F564 /* Models.swift */ = {isa = PBXFileReference; lastKnownFileType = sourcecode.swift; path = Models.swift; sourceTree = "<group>"; };
		E6C4F6A52AE6C6E200A777D9 /* LoginView.swift */ = {isa = PBXFileReference; lastKnownFileType = sourcecode.swift; path = LoginView.swift; sourceTree = "<group>"; };
		E6C4F6A72AE6C79D00A777D9 /* InputFieldView.swift */ = {isa = PBXFileReference; lastKnownFileType = sourcecode.swift; path = InputFieldView.swift; sourceTree = "<group>"; };
		E6E0761B2AF3F49D00CF4974 /* ViewModel.swift */ = {isa = PBXFileReference; lastKnownFileType = sourcecode.swift; path = ViewModel.swift; sourceTree = "<group>"; };
		E6E0761D2AF5438D00CF4974 /* FavoritesView.swift */ = {isa = PBXFileReference; lastKnownFileType = sourcecode.swift; path = FavoritesView.swift; sourceTree = "<group>"; };
		E6E076212AF5499300CF4974 /* FavoriteItem.swift */ = {isa = PBXFileReference; lastKnownFileType = sourcecode.swift; path = FavoriteItem.swift; sourceTree = "<group>"; };
/* End PBXFileReference section */

/* Begin PBXFrameworksBuildPhase section */
		E6183A692AE17C530037060D /* Frameworks */ = {
			isa = PBXFrameworksBuildPhase;
			buildActionMask = 2147483647;
			files = (
			);
			runOnlyForDeploymentPostprocessing = 0;
		};
/* End PBXFrameworksBuildPhase section */

/* Begin PBXGroup section */
		E6183A632AE17C530037060D = {
			isa = PBXGroup;
			children = (
				E6183A6E2AE17C530037060D /* Kotton App */,
				E6183A6D2AE17C530037060D /* Products */,
			);
			sourceTree = "<group>";
		};
		E6183A6D2AE17C530037060D /* Products */ = {
			isa = PBXGroup;
			children = (
				E6183A6C2AE17C530037060D /* Kotton App.app */,
			);
			name = Products;
			sourceTree = "<group>";
		};
		E6183A6E2AE17C530037060D /* Kotton App */ = {
			isa = PBXGroup;
			children = (
				E683AC842AF949630067C7A9 /* Persistence.swift */,
				E6059FE32AF1CEBE009A2B28 /* BlackTopView.swift */,
				E6E076212AF5499300CF4974 /* FavoriteItem.swift */,
				E6E0761D2AF5438D00CF4974 /* FavoritesView.swift */,
				E67CB3EE2AEAB66D003FB558 /* ShopView.swift */,
				E6AFE7172AE8173500A3B88E /* SignupView.swift */,
				E6183A6F2AE17C530037060D /* Kotton_AppApp.swift */,
				E6183A712AE17C530037060D /* ContentView.swift */,
				E67CB3F02AEABC72003FB558 /* QuizView.swift */,
				E619D0E22AFC999800074198 /* AltQuizView.swift */,
				E6C4F6A52AE6C6E200A777D9 /* LoginView.swift */,
				E6C4F6A72AE6C79D00A777D9 /* InputFieldView.swift */,
				E67CB3EC2AEAB227003FB558 /* PasswordInputView.swift */,
				E6B1526E2AF1585000A7F564 /* Models.swift */,
				E6E0761B2AF3F49D00CF4974 /* ViewModel.swift */,
				E6183A732AE17C550037060D /* Assets.xcassets */,
				E6183A752AE17C550037060D /* Preview Content */,
				E683AC862AF94BE70067C7A9 /* KottonApp.xcdatamodeld */,
			);
			path = "Kotton App";
			sourceTree = "<group>";
		};
		E6183A752AE17C550037060D /* Preview Content */ = {
			isa = PBXGroup;
			children = (
				E6183A762AE17C550037060D /* Preview Assets.xcassets */,
			);
			path = "Preview Content";
			sourceTree = "<group>";
		};
/* End PBXGroup section */

/* Begin PBXNativeTarget section */
		E6183A6B2AE17C530037060D /* Kotton App */ = {
			isa = PBXNativeTarget;
			buildConfigurationList = E6183A7A2AE17C550037060D /* Build configuration list for PBXNativeTarget "Kotton App" */;
			buildPhases = (
				E6183A682AE17C530037060D /* Sources */,
				E6183A692AE17C530037060D /* Frameworks */,
				E6183A6A2AE17C530037060D /* Resources */,
			);
			buildRules = (
			);
			dependencies = (
			);
			name = "Kotton App";
			productName = "Kotton App";
			productReference = E6183A6C2AE17C530037060D /* Kotton App.app */;
			productType = "com.apple.product-type.application";
		};
/* End PBXNativeTarget section */

/* Begin PBXProject section */
		E6183A642AE17C530037060D /* Project object */ = {
			isa = PBXProject;
			attributes = {
				BuildIndependentTargetsInParallel = 1;
				LastSwiftUpdateCheck = 1430;
				LastUpgradeCheck = 1430;
				TargetAttributes = {
					E6183A6B2AE17C530037060D = {
						CreatedOnToolsVersion = 14.3.1;
					};
				};
			};
			buildConfigurationList = E6183A672AE17C530037060D /* Build configuration list for PBXProject "Kotton App" */;
			compatibilityVersion = "Xcode 14.0";
			developmentRegion = en;
			hasScannedForEncodings = 0;
			knownRegions = (
				en,
				Base,
			);
			mainGroup = E6183A632AE17C530037060D;
			productRefGroup = E6183A6D2AE17C530037060D /* Products */;
			projectDirPath = "";
			projectRoot = "";
			targets = (
				E6183A6B2AE17C530037060D /* Kotton App */,
			);
		};
/* End PBXProject section */

/* Begin PBXResourcesBuildPhase section */
		E6183A6A2AE17C530037060D /* Resources */ = {
			isa = PBXResourcesBuildPhase;
			buildActionMask = 2147483647;
			files = (
				E6183A772AE17C550037060D /* Preview Assets.xcassets in Resources */,
				E6183A742AE17C550037060D /* Assets.xcassets in Resources */,
			);
			runOnlyForDeploymentPostprocessing = 0;
		};
/* End PBXResourcesBuildPhase section */

/* Begin PBXSourcesBuildPhase section */
		E6183A682AE17C530037060D /* Sources */ = {
			isa = PBXSourcesBuildPhase;
			buildActionMask = 2147483647;
			files = (
				E6C4F6A62AE6C6E200A777D9 /* LoginView.swift in Sources */,
				E619D0E32AFC999800074198 /* AltQuizView.swift in Sources */,
				E6183A722AE17C530037060D /* ContentView.swift in Sources */,
				E6059FE42AF1CEBE009A2B28 /* BlackTopView.swift in Sources */,
				E683AC852AF949630067C7A9 /* Persistence.swift in Sources */,
				E6E0761C2AF3F49D00CF4974 /* ViewModel.swift in Sources */,
				E6C4F6A82AE6C79D00A777D9 /* InputFieldView.swift in Sources */,
				E6183A702AE17C530037060D /* Kotton_AppApp.swift in Sources */,
				E67CB3ED2AEAB227003FB558 /* PasswordInputView.swift in Sources */,
				E67CB3F12AEABC72003FB558 /* QuizView.swift in Sources */,
				E6E076222AF5499300CF4974 /* FavoriteItem.swift in Sources */,
				E6E0761E2AF5438D00CF4974 /* FavoritesView.swift in Sources */,
				E6B1526F2AF1585000A7F564 /* Models.swift in Sources */,
				E67CB3EF2AEAB66D003FB558 /* ShopView.swift in Sources */,
				E6AFE7182AE8173500A3B88E /* SignupView.swift in Sources */,
				E683AC882AF94BE80067C7A9 /* KottonApp.xcdatamodeld in Sources */,
			);
			runOnlyForDeploymentPostprocessing = 0;
		};
/* End PBXSourcesBuildPhase section */

/* Begin XCBuildConfiguration section */
		E6183A782AE17C550037060D /* Debug */ = {
			isa = XCBuildConfiguration;
			buildSettings = {
				ALWAYS_SEARCH_USER_PATHS = NO;
				CLANG_ANALYZER_NONNULL = YES;
				CLANG_ANALYZER_NUMBER_OBJECT_CONVERSION = YES_AGGRESSIVE;
				CLANG_CXX_LANGUAGE_STANDARD = "gnu++20";
				CLANG_ENABLE_MODULES = YES;
				CLANG_ENABLE_OBJC_ARC = YES;
				CLANG_ENABLE_OBJC_WEAK = YES;
				CLANG_WARN_BLOCK_CAPTURE_AUTORELEASING = YES;
				CLANG_WARN_BOOL_CONVERSION = YES;
				CLANG_WARN_COMMA = YES;
				CLANG_WARN_CONSTANT_CONVERSION = YES;
				CLANG_WARN_DEPRECATED_OBJC_IMPLEMENTATIONS = YES;
				CLANG_WARN_DIRECT_OBJC_ISA_USAGE = YES_ERROR;
				CLANG_WARN_DOCUMENTATION_COMMENTS = YES;
				CLANG_WARN_EMPTY_BODY = YES;
				CLANG_WARN_ENUM_CONVERSION = YES;
				CLANG_WARN_INFINITE_RECURSION = YES;
				CLANG_WARN_INT_CONVERSION = YES;
				CLANG_WARN_NON_LITERAL_NULL_CONVERSION = YES;
				CLANG_WARN_OBJC_IMPLICIT_RETAIN_SELF = YES;
				CLANG_WARN_OBJC_LITERAL_CONVERSION = YES;
				CLANG_WARN_OBJC_ROOT_CLASS = YES_ERROR;
				CLANG_WARN_QUOTED_INCLUDE_IN_FRAMEWORK_HEADER = YES;
				CLANG_WARN_RANGE_LOOP_ANALYSIS = YES;
				CLANG_WARN_STRICT_PROTOTYPES = YES;
				CLANG_WARN_SUSPICIOUS_MOVE = YES;
				CLANG_WARN_UNGUARDED_AVAILABILITY = YES_AGGRESSIVE;
				CLANG_WARN_UNREACHABLE_CODE = YES;
				CLANG_WARN__DUPLICATE_METHOD_MATCH = YES;
				COPY_PHASE_STRIP = NO;
				DEBUG_INFORMATION_FORMAT = dwarf;
				ENABLE_STRICT_OBJC_MSGSEND = YES;
				ENABLE_TESTABILITY = YES;
				GCC_C_LANGUAGE_STANDARD = gnu11;
				GCC_DYNAMIC_NO_PIC = NO;
				GCC_NO_COMMON_BLOCKS = YES;
				GCC_OPTIMIZATION_LEVEL = 0;
				GCC_PREPROCESSOR_DEFINITIONS = (
					"DEBUG=1",
					"$(inherited)",
				);
				GCC_WARN_64_TO_32_BIT_CONVERSION = YES;
				GCC_WARN_ABOUT_RETURN_TYPE = YES_ERROR;
				GCC_WARN_UNDECLARED_SELECTOR = YES;
				GCC_WARN_UNINITIALIZED_AUTOS = YES_AGGRESSIVE;
				GCC_WARN_UNUSED_FUNCTION = YES;
				GCC_WARN_UNUSED_VARIABLE = YES;
				IPHONEOS_DEPLOYMENT_TARGET = 16.4;
				MTL_ENABLE_DEBUG_INFO = INCLUDE_SOURCE;
				MTL_FAST_MATH = YES;
				ONLY_ACTIVE_ARCH = YES;
				SDKROOT = iphoneos;
				SWIFT_ACTIVE_COMPILATION_CONDITIONS = DEBUG;
				SWIFT_OPTIMIZATION_LEVEL = "-Onone";
			};
			name = Debug;
		};
		E6183A792AE17C550037060D /* Release */ = {
			isa = XCBuildConfiguration;
			buildSettings = {
				ALWAYS_SEARCH_USER_PATHS = NO;
				CLANG_ANALYZER_NONNULL = YES;
				CLANG_ANALYZER_NUMBER_OBJECT_CONVERSION = YES_AGGRESSIVE;
				CLANG_CXX_LANGUAGE_STANDARD = "gnu++20";
				CLANG_ENABLE_MODULES = YES;
				CLANG_ENABLE_OBJC_ARC = YES;
				CLANG_ENABLE_OBJC_WEAK = YES;
				CLANG_WARN_BLOCK_CAPTURE_AUTORELEASING = YES;
				CLANG_WARN_BOOL_CONVERSION = YES;
				CLANG_WARN_COMMA = YES;
				CLANG_WARN_CONSTANT_CONVERSION = YES;
				CLANG_WARN_DEPRECATED_OBJC_IMPLEMENTATIONS = YES;
				CLANG_WARN_DIRECT_OBJC_ISA_USAGE = YES_ERROR;
				CLANG_WARN_DOCUMENTATION_COMMENTS = YES;
				CLANG_WARN_EMPTY_BODY = YES;
				CLANG_WARN_ENUM_CONVERSION = YES;
				CLANG_WARN_INFINITE_RECURSION = YES;
				CLANG_WARN_INT_CONVERSION = YES;
				CLANG_WARN_NON_LITERAL_NULL_CONVERSION = YES;
				CLANG_WARN_OBJC_IMPLICIT_RETAIN_SELF = YES;
				CLANG_WARN_OBJC_LITERAL_CONVERSION = YES;
				CLANG_WARN_OBJC_ROOT_CLASS = YES_ERROR;
				CLANG_WARN_QUOTED_INCLUDE_IN_FRAMEWORK_HEADER = YES;
				CLANG_WARN_RANGE_LOOP_ANALYSIS = YES;
				CLANG_WARN_STRICT_PROTOTYPES = YES;
				CLANG_WARN_SUSPICIOUS_MOVE = YES;
				CLANG_WARN_UNGUARDED_AVAILABILITY = YES_AGGRESSIVE;
				CLANG_WARN_UNREACHABLE_CODE = YES;
				CLANG_WARN__DUPLICATE_METHOD_MATCH = YES;
				COPY_PHASE_STRIP = NO;
				DEBUG_INFORMATION_FORMAT = "dwarf-with-dsym";
				ENABLE_NS_ASSERTIONS = NO;
				ENABLE_STRICT_OBJC_MSGSEND = YES;
				GCC_C_LANGUAGE_STANDARD = gnu11;
				GCC_NO_COMMON_BLOCKS = YES;
				GCC_WARN_64_TO_32_BIT_CONVERSION = YES;
				GCC_WARN_ABOUT_RETURN_TYPE = YES_ERROR;
				GCC_WARN_UNDECLARED_SELECTOR = YES;
				GCC_WARN_UNINITIALIZED_AUTOS = YES_AGGRESSIVE;
				GCC_WARN_UNUSED_FUNCTION = YES;
				GCC_WARN_UNUSED_VARIABLE = YES;
				IPHONEOS_DEPLOYMENT_TARGET = 16.4;
				MTL_ENABLE_DEBUG_INFO = NO;
				MTL_FAST_MATH = YES;
				SDKROOT = iphoneos;
				SWIFT_COMPILATION_MODE = wholemodule;
				SWIFT_OPTIMIZATION_LEVEL = "-O";
				VALIDATE_PRODUCT = YES;
			};
			name = Release;
		};
		E6183A7B2AE17C550037060D /* Debug */ = {
			isa = XCBuildConfiguration;
			buildSettings = {
				ASSETCATALOG_COMPILER_APPICON_NAME = AppIcon;
				ASSETCATALOG_COMPILER_GLOBAL_ACCENT_COLOR_NAME = AccentColor;
				CODE_SIGN_STYLE = Automatic;
				CURRENT_PROJECT_VERSION = 1;
				DEVELOPMENT_ASSET_PATHS = "\"Kotton App/Preview Content\"";
				DEVELOPMENT_TEAM = X44FR2N2M5;
				ENABLE_PREVIEWS = YES;
				GENERATE_INFOPLIST_FILE = YES;
				INFOPLIST_KEY_UIApplicationSceneManifest_Generation = YES;
				INFOPLIST_KEY_UIApplicationSupportsIndirectInputEvents = YES;
				INFOPLIST_KEY_UILaunchScreen_Generation = YES;
				INFOPLIST_KEY_UISupportedInterfaceOrientations_iPad = "UIInterfaceOrientationPortrait UIInterfaceOrientationPortraitUpsideDown UIInterfaceOrientationLandscapeLeft UIInterfaceOrientationLandscapeRight";
				INFOPLIST_KEY_UISupportedInterfaceOrientations_iPhone = "UIInterfaceOrientationPortrait UIInterfaceOrientationLandscapeLeft UIInterfaceOrientationLandscapeRight";
				LD_RUNPATH_SEARCH_PATHS = (
					"$(inherited)",
					"@executable_path/Frameworks",
				);
				MARKETING_VERSION = 1.0;
				PRODUCT_BUNDLE_IDENTIFIER = "lissiemanalo.Kotton-App";
				PRODUCT_NAME = "$(TARGET_NAME)";
				SWIFT_EMIT_LOC_STRINGS = YES;
				SWIFT_VERSION = 5.0;
				TARGETED_DEVICE_FAMILY = "1,2";
			};
			name = Debug;
		};
		E6183A7C2AE17C550037060D /* Release */ = {
			isa = XCBuildConfiguration;
			buildSettings = {
				ASSETCATALOG_COMPILER_APPICON_NAME = AppIcon;
				ASSETCATALOG_COMPILER_GLOBAL_ACCENT_COLOR_NAME = AccentColor;
				CODE_SIGN_STYLE = Automatic;
				CURRENT_PROJECT_VERSION = 1;
				DEVELOPMENT_ASSET_PATHS = "\"Kotton App/Preview Content\"";
				DEVELOPMENT_TEAM = X44FR2N2M5;
				ENABLE_PREVIEWS = YES;
				GENERATE_INFOPLIST_FILE = YES;
				INFOPLIST_KEY_UIApplicationSceneManifest_Generation = YES;
				INFOPLIST_KEY_UIApplicationSupportsIndirectInputEvents = YES;
				INFOPLIST_KEY_UILaunchScreen_Generation = YES;
				INFOPLIST_KEY_UISupportedInterfaceOrientations_iPad = "UIInterfaceOrientationPortrait UIInterfaceOrientationPortraitUpsideDown UIInterfaceOrientationLandscapeLeft UIInterfaceOrientationLandscapeRight";
				INFOPLIST_KEY_UISupportedInterfaceOrientations_iPhone = "UIInterfaceOrientationPortrait UIInterfaceOrientationLandscapeLeft UIInterfaceOrientationLandscapeRight";
				LD_RUNPATH_SEARCH_PATHS = (
					"$(inherited)",
					"@executable_path/Frameworks",
				);
				MARKETING_VERSION = 1.0;
				PRODUCT_BUNDLE_IDENTIFIER = "lissiemanalo.Kotton-App";
				PRODUCT_NAME = "$(TARGET_NAME)";
				SWIFT_EMIT_LOC_STRINGS = YES;
				SWIFT_VERSION = 5.0;
				TARGETED_DEVICE_FAMILY = "1,2";
			};
			name = Release;
		};
/* End XCBuildConfiguration section */

/* Begin XCConfigurationList section */
		E6183A672AE17C530037060D /* Build configuration list for PBXProject "Kotton App" */ = {
			isa = XCConfigurationList;
			buildConfigurations = (
				E6183A782AE17C550037060D /* Debug */,
				E6183A792AE17C550037060D /* Release */,
			);
			defaultConfigurationIsVisible = 0;
			defaultConfigurationName = Release;
		};
		E6183A7A2AE17C550037060D /* Build configuration list for PBXNativeTarget "Kotton App" */ = {
			isa = XCConfigurationList;
			buildConfigurations = (
				E6183A7B2AE17C550037060D /* Debug */,
				E6183A7C2AE17C550037060D /* Release */,
			);
			defaultConfigurationIsVisible = 0;
			defaultConfigurationName = Release;
		};
/* End XCConfigurationList section */

/* Begin XCVersionGroup section */
		E683AC862AF94BE70067C7A9 /* KottonApp.xcdatamodeld */ = {
			isa = XCVersionGroup;
			children = (
				E683AC872AF94BE80067C7A9 /* KottonApp.xcdatamodel */,
			);
			currentVersion = E683AC872AF94BE80067C7A9 /* KottonApp.xcdatamodel */;
			path = KottonApp.xcdatamodeld;
			sourceTree = "<group>";
			versionGroupType = wrapper.xcdatamodel;
		};
/* End XCVersionGroup section */
	};
	rootObject = E6183A642AE17C530037060D /* Project object */;
}
